
Microsoft Visual Studio Solution File, Format Version 12.00
# Visual Studio Version 16
VisualStudioVersion = 16.0.31410.357
MinimumVisualStudioVersion = 10.0.40219.1
Project("{FAE04EC0-301F-11D3-BF4B-00C04F79EFBC}") = "Proekt 1", "Proekt 1\Proekt 1.csproj", "{388BB049-7443-4BBC-BE97-C96D3C1AB995}"
EndProject
Global
	GlobalSection(SolutionConfigurationPlatforms) = preSolution
		Debug|Any CPU = Debug|Any CPU
		Release|Any CPU = Release|Any CPU
	EndGlobalSection
	GlobalSection(ProjectConfigurationPlatforms) = postSolution
		{388BB049-7443-4BBC-BE97-C96D3C1AB995}.Debug|Any CPU.ActiveCfg = Debug|Any CPU
		{388BB049-7443-4BBC-BE97-C96D3C1AB995}.Debug|Any CPU.Build.0 = Debug|Any CPU
		{388BB049-7443-4BBC-BE97-C96D3C1AB995}.Release|Any CPU.ActiveCfg = Release|Any CPU
		{388BB049-7443-4BBC-BE97-C96D3C1AB995}.Release|Any CPU.Build.0 = Release|Any CPU
	EndGlobalSection
	GlobalSection(SolutionProperties) = preSolution
		HideSolutionNode = FALSE
	EndGlobalSection
	GlobalSection(ExtensibilityGlobals) = postSolution
		SolutionGuid = {945266C5-C59A-4033-A926-F59CB0079DFB}
	EndGlobalSection
EndGlobal
